{"1.1.0",
[{<<"ast_walk">>,{pkg,<<"ast_walk">>,<<"0.3.0">>},1},
 {<<"ep">>,{pkg,<<"ep">>,<<"0.1.0">>},0}]}.
[
{pkg_hash,[
 {<<"ast_walk">>, <<"B4414AED2D6F213F9ECFC10E812AB1258B019901927A2363F909820CA959BEE8">>},
 {<<"ep">>, <<"542641E11BB57A4B9FE3BC0313E1C4360B5131DAAF12A89ADD60AE1D136A9BAA">>}]}
].
