{"1.1.0",
[{<<"ast_walk">>,{pkg,<<"ast_walk">>,<<"0.3.0">>},1},
 {<<"ep">>,{pkg,<<"ep">>,<<"0.2.0">>},0}]}.
[
{pkg_hash,[
 {<<"ast_walk">>, <<"B4414AED2D6F213F9ECFC10E812AB1258B019901927A2363F909820CA959BEE8">>},
 {<<"ep">>, <<"2F4E84416A01CF548DD2238E042BFA572701E256FDDC85E40F63EFEF6224742E">>}]}
].
